
Microsoft Visual Studio Solution File, Format Version 12.00
# Visual Studio Version 16
VisualStudioVersion = 16.0.29911.84
MinimumVisualStudioVersion = 10.0.40219.1
Project("{9A19103F-16F7-4668-BE54-9A1E7A4F7556}") = "DbMigrationUtility", "DbMigrationUtility\DbMigrationUtility.csproj", "{5CE7FC78-F7EC-4AA1-A333-CCC2F147F9BA}"
EndProject
Project("{9A19103F-16F7-4668-BE54-9A1E7A4F7556}") = "SuggestService.Entities", "SuggestService.Entities\SuggestService.Entities.csproj", "{31777101-79E4-420D-B9F0-114C32030ED0}"
EndProject
Global
	GlobalSection(SolutionConfigurationPlatforms) = preSolution
		Debug|Any CPU = Debug|Any CPU
		Release|Any CPU = Release|Any CPU
	EndGlobalSection
	GlobalSection(ProjectConfigurationPlatforms) = postSolution
		{5CE7FC78-F7EC-4AA1-A333-CCC2F147F9BA}.Debug|Any CPU.ActiveCfg = Debug|Any CPU
		{5CE7FC78-F7EC-4AA1-A333-CCC2F147F9BA}.Debug|Any CPU.Build.0 = Debug|Any CPU
		{5CE7FC78-F7EC-4AA1-A333-CCC2F147F9BA}.Release|Any CPU.ActiveCfg = Release|Any CPU
		{5CE7FC78-F7EC-4AA1-A333-CCC2F147F9BA}.Release|Any CPU.Build.0 = Release|Any CPU
		{31777101-79E4-420D-B9F0-114C32030ED0}.Debug|Any CPU.ActiveCfg = Debug|Any CPU
		{31777101-79E4-420D-B9F0-114C32030ED0}.Debug|Any CPU.Build.0 = Debug|Any CPU
		{31777101-79E4-420D-B9F0-114C32030ED0}.Release|Any CPU.ActiveCfg = Release|Any CPU
		{31777101-79E4-420D-B9F0-114C32030ED0}.Release|Any CPU.Build.0 = Release|Any CPU
	EndGlobalSection
	GlobalSection(SolutionProperties) = preSolution
		HideSolutionNode = FALSE
	EndGlobalSection
	GlobalSection(ExtensibilityGlobals) = postSolution
		SolutionGuid = {7D05B908-750D-49D7-9F6E-F9F988314882}
	EndGlobalSection
EndGlobal
