
Microsoft Visual Studio Solution File, Format Version 12.00
# Visual Studio Version 16
VisualStudioVersion = 16.0.29911.84
MinimumVisualStudioVersion = 10.0.40219.1
Project("{9A19103F-16F7-4668-BE54-9A1E7A4F7556}") = "SuggestService", "SuggestService\SuggestService.csproj", "{B3763595-FD0C-4B04-B8DA-DA3E667C3DB3}"
EndProject
Project("{9A19103F-16F7-4668-BE54-9A1E7A4F7556}") = "SuggestService.Tests", "SuggestService.Tests\SuggestService.Tests.csproj", "{DE89FBFD-1031-4741-95A7-D709A568AF4A}"
EndProject
Project("{9A19103F-16F7-4668-BE54-9A1E7A4F7556}") = "SuggestService.DataAccess", "SuggestService.DataAccess\SuggestService.DataAccess.csproj", "{2CF2296D-71E2-40B6-9976-521BB2CE153C}"
EndProject
Project("{9A19103F-16F7-4668-BE54-9A1E7A4F7556}") = "SuggestService.Entities", "SuggestService.Entities\SuggestService.Entities.csproj", "{EE148D43-44D5-4BB9-B06C-200CE632224B}"
EndProject
Project("{FAE04EC0-301F-11D3-BF4B-00C04F79EFBC}") = "SuggestService.Domain", "SuggestService.Domain\SuggestService.Domain.csproj", "{93E6EA99-B25E-4082-A9B2-5152DEC0DFDA}"
EndProject
Global
	GlobalSection(SolutionConfigurationPlatforms) = preSolution
		Debug|Any CPU = Debug|Any CPU
		Release|Any CPU = Release|Any CPU
	EndGlobalSection
	GlobalSection(ProjectConfigurationPlatforms) = postSolution
		{B3763595-FD0C-4B04-B8DA-DA3E667C3DB3}.Debug|Any CPU.ActiveCfg = Debug|Any CPU
		{B3763595-FD0C-4B04-B8DA-DA3E667C3DB3}.Debug|Any CPU.Build.0 = Debug|Any CPU
		{B3763595-FD0C-4B04-B8DA-DA3E667C3DB3}.Release|Any CPU.ActiveCfg = Release|Any CPU
		{B3763595-FD0C-4B04-B8DA-DA3E667C3DB3}.Release|Any CPU.Build.0 = Release|Any CPU
		{DE89FBFD-1031-4741-95A7-D709A568AF4A}.Debug|Any CPU.ActiveCfg = Debug|Any CPU
		{DE89FBFD-1031-4741-95A7-D709A568AF4A}.Debug|Any CPU.Build.0 = Debug|Any CPU
		{DE89FBFD-1031-4741-95A7-D709A568AF4A}.Release|Any CPU.ActiveCfg = Release|Any CPU
		{DE89FBFD-1031-4741-95A7-D709A568AF4A}.Release|Any CPU.Build.0 = Release|Any CPU
		{2CF2296D-71E2-40B6-9976-521BB2CE153C}.Debug|Any CPU.ActiveCfg = Debug|Any CPU
		{2CF2296D-71E2-40B6-9976-521BB2CE153C}.Debug|Any CPU.Build.0 = Debug|Any CPU
		{2CF2296D-71E2-40B6-9976-521BB2CE153C}.Release|Any CPU.ActiveCfg = Release|Any CPU
		{2CF2296D-71E2-40B6-9976-521BB2CE153C}.Release|Any CPU.Build.0 = Release|Any CPU
		{EE148D43-44D5-4BB9-B06C-200CE632224B}.Debug|Any CPU.ActiveCfg = Debug|Any CPU
		{EE148D43-44D5-4BB9-B06C-200CE632224B}.Debug|Any CPU.Build.0 = Debug|Any CPU
		{EE148D43-44D5-4BB9-B06C-200CE632224B}.Release|Any CPU.ActiveCfg = Release|Any CPU
		{EE148D43-44D5-4BB9-B06C-200CE632224B}.Release|Any CPU.Build.0 = Release|Any CPU
		{93E6EA99-B25E-4082-A9B2-5152DEC0DFDA}.Debug|Any CPU.ActiveCfg = Debug|Any CPU
		{93E6EA99-B25E-4082-A9B2-5152DEC0DFDA}.Debug|Any CPU.Build.0 = Debug|Any CPU
		{93E6EA99-B25E-4082-A9B2-5152DEC0DFDA}.Release|Any CPU.ActiveCfg = Release|Any CPU
		{93E6EA99-B25E-4082-A9B2-5152DEC0DFDA}.Release|Any CPU.Build.0 = Release|Any CPU
	EndGlobalSection
	GlobalSection(SolutionProperties) = preSolution
		HideSolutionNode = FALSE
	EndGlobalSection
	GlobalSection(ExtensibilityGlobals) = postSolution
		SolutionGuid = {1F881E6F-EEDE-4915-8319-27774BBD2A09}
	EndGlobalSection
EndGlobal
